// !$*UTF8*$!
{
	archiveVersion = 1;
	classes = {
	};
	objectVersion = 50;
	objects = {

/* Begin PBXBuildFile section */
		5610AB3230A1F3FCB529581C /* Pods_GarveyUITests.framework in Frameworks */ = {isa = PBXBuildFile; fileRef = D7823618C6AEE7A26D1FC7FD /* Pods_GarveyUITests.framework */; };
		5B05D2A822C4968E00573407 /* AppComponent.swift in Sources */ = {isa = PBXBuildFile; fileRef = 5B05D2A722C4968E00573407 /* AppComponent.swift */; };
		5B05D2AE22C4990E00573407 /* CartRouter.swift in Sources */ = {isa = PBXBuildFile; fileRef = 5B05D2AA22C4990E00573407 /* CartRouter.swift */; };
		5B05D2AF22C4990E00573407 /* CartViewController.swift in Sources */ = {isa = PBXBuildFile; fileRef = 5B05D2AB22C4990E00573407 /* CartViewController.swift */; };
		5B05D2B022C4990E00573407 /* CartBuilder.swift in Sources */ = {isa = PBXBuildFile; fileRef = 5B05D2AC22C4990E00573407 /* CartBuilder.swift */; };
		5B05D2B122C4990E00573407 /* CartInteractor.swift in Sources */ = {isa = PBXBuildFile; fileRef = 5B05D2AD22C4990E00573407 /* CartInteractor.swift */; };
		5B05D2B722C4993000573407 /* CatalogRouter.swift in Sources */ = {isa = PBXBuildFile; fileRef = 5B05D2B322C4993000573407 /* CatalogRouter.swift */; };
		5B05D2B822C4993000573407 /* CatalogViewController.swift in Sources */ = {isa = PBXBuildFile; fileRef = 5B05D2B422C4993000573407 /* CatalogViewController.swift */; };
		5B05D2B922C4993000573407 /* CatalogBuilder.swift in Sources */ = {isa = PBXBuildFile; fileRef = 5B05D2B522C4993000573407 /* CatalogBuilder.swift */; };
		5B05D2BA22C4993000573407 /* CatalogInteractor.swift in Sources */ = {isa = PBXBuildFile; fileRef = 5B05D2B622C4993000573407 /* CatalogInteractor.swift */; };
		5B05D2C022C4995900573407 /* ProfileRouter.swift in Sources */ = {isa = PBXBuildFile; fileRef = 5B05D2BC22C4995900573407 /* ProfileRouter.swift */; };
		5B05D2C122C4995900573407 /* ProfileViewController.swift in Sources */ = {isa = PBXBuildFile; fileRef = 5B05D2BD22C4995900573407 /* ProfileViewController.swift */; };
		5B05D2C222C4995900573407 /* ProfileBuilder.swift in Sources */ = {isa = PBXBuildFile; fileRef = 5B05D2BE22C4995900573407 /* ProfileBuilder.swift */; };
		5B05D2C322C4995900573407 /* ProfileInteractor.swift in Sources */ = {isa = PBXBuildFile; fileRef = 5B05D2BF22C4995900573407 /* ProfileInteractor.swift */; };
		5B05D2C922C4999700573407 /* SingleItemRouter.swift in Sources */ = {isa = PBXBuildFile; fileRef = 5B05D2C522C4999700573407 /* SingleItemRouter.swift */; };
		5B05D2CA22C4999700573407 /* SingleItemViewController.swift in Sources */ = {isa = PBXBuildFile; fileRef = 5B05D2C622C4999700573407 /* SingleItemViewController.swift */; };
		5B05D2CB22C4999700573407 /* SingleItemBuilder.swift in Sources */ = {isa = PBXBuildFile; fileRef = 5B05D2C722C4999700573407 /* SingleItemBuilder.swift */; };
		5B05D2CC22C4999700573407 /* SingleItemInteractor.swift in Sources */ = {isa = PBXBuildFile; fileRef = 5B05D2C822C4999700573407 /* SingleItemInteractor.swift */; };
		5B05D2CF22C4A16700573407 /* MenuView.swift in Sources */ = {isa = PBXBuildFile; fileRef = 5B05D2CE22C4A16700573407 /* MenuView.swift */; };
		5B05D2D422C4A2AD00573407 /* Constants.swift in Sources */ = {isa = PBXBuildFile; fileRef = 5B05D2D322C4A2AD00573407 /* Constants.swift */; };
		5B05D2D622C4A38100573407 /* MenuCollectionViewCell.swift in Sources */ = {isa = PBXBuildFile; fileRef = 5B05D2D522C4A38100573407 /* MenuCollectionViewCell.swift */; };
		5B05D2D822C4A5BC00573407 /* Colors.swift in Sources */ = {isa = PBXBuildFile; fileRef = 5B05D2D722C4A5BC00573407 /* Colors.swift */; };
		5B3B91DE22B3582B0013100C /* RootRouter.swift in Sources */ = {isa = PBXBuildFile; fileRef = 5B3B91DA22B3582B0013100C /* RootRouter.swift */; };
		5B3B91DF22B3582B0013100C /* RootViewController.swift in Sources */ = {isa = PBXBuildFile; fileRef = 5B3B91DB22B3582B0013100C /* RootViewController.swift */; };
		5B3B91E022B3582B0013100C /* RootBuilder.swift in Sources */ = {isa = PBXBuildFile; fileRef = 5B3B91DC22B3582B0013100C /* RootBuilder.swift */; };
		5B3B91E122B3582B0013100C /* RootInteractor.swift in Sources */ = {isa = PBXBuildFile; fileRef = 5B3B91DD22B3582B0013100C /* RootInteractor.swift */; };
		5BAD47E522CAF6C500D596A5 /* GoogleService-Info.plist in Resources */ = {isa = PBXBuildFile; fileRef = 5BAD47E422CAF6C500D596A5 /* GoogleService-Info.plist */; };
		5BAD47E822CAFE5600D596A5 /* SingleItemCell.swift in Sources */ = {isa = PBXBuildFile; fileRef = 5BAD47E722CAFE5600D596A5 /* SingleItemCell.swift */; };
		5BAD47EA22CAFE7500D596A5 /* CatalogLayout.swift in Sources */ = {isa = PBXBuildFile; fileRef = 5BAD47E922CAFE7500D596A5 /* CatalogLayout.swift */; };
		5BAD47ED22CB0D5400D596A5 /* Item.swift in Sources */ = {isa = PBXBuildFile; fileRef = 5BAD47EC22CB0D5400D596A5 /* Item.swift */; };
		5BAD47EF22CB154500D596A5 /* Errors.swift in Sources */ = {isa = PBXBuildFile; fileRef = 5BAD47EE22CB154500D596A5 /* Errors.swift */; };
		5BAD47F122CB189300D596A5 /* Strings.swift in Sources */ = {isa = PBXBuildFile; fileRef = 5BAD47F022CB189300D596A5 /* Strings.swift */; };
		5BAD47F322CB1DDC00D596A5 /* ImageManager.swift in Sources */ = {isa = PBXBuildFile; fileRef = 5BAD47F222CB1DDC00D596A5 /* ImageManager.swift */; };
		5BAD47F522CB1E5F00D596A5 /* CatalogManager.swift in Sources */ = {isa = PBXBuildFile; fileRef = 5BAD47F422CB1E5F00D596A5 /* CatalogManager.swift */; };
		5BAD47F722CB2B0F00D596A5 /* SingleItemManager.swift in Sources */ = {isa = PBXBuildFile; fileRef = 5BAD47F622CB2B0F00D596A5 /* SingleItemManager.swift */; };
		5BDF4F5022B0637F00263C87 /* AppDelegate.swift in Sources */ = {isa = PBXBuildFile; fileRef = 5BDF4F4F22B0637F00263C87 /* AppDelegate.swift */; };
		5BDF4F5722B0638000263C87 /* Assets.xcassets in Resources */ = {isa = PBXBuildFile; fileRef = 5BDF4F5622B0638000263C87 /* Assets.xcassets */; };
		5BDF4F5A22B0638000263C87 /* LaunchScreen.storyboard in Resources */ = {isa = PBXBuildFile; fileRef = 5BDF4F5822B0638000263C87 /* LaunchScreen.storyboard */; };
		5BDF4F6522B0638100263C87 /* GarveyTests.swift in Sources */ = {isa = PBXBuildFile; fileRef = 5BDF4F6422B0638100263C87 /* GarveyTests.swift */; };
		5BDF4F7022B0638100263C87 /* GarveyUITests.swift in Sources */ = {isa = PBXBuildFile; fileRef = 5BDF4F6F22B0638100263C87 /* GarveyUITests.swift */; };
		9AA6B3631BA2CBF7ED1A5119 /* Pods_Garvey.framework in Frameworks */ = {isa = PBXBuildFile; fileRef = 54C392CFC893A4C8D08D5BEB /* Pods_Garvey.framework */; };
		E5AB25B39E079B37ABF25C97 /* Pods_GarveyTests.framework in Frameworks */ = {isa = PBXBuildFile; fileRef = 95957F3F4D21BFBCCA8F9DB9 /* Pods_GarveyTests.framework */; };
/* End PBXBuildFile section */

/* Begin PBXContainerItemProxy section */
		5BDF4F6122B0638100263C87 /* PBXContainerItemProxy */ = {
			isa = PBXContainerItemProxy;
			containerPortal = 5BDF4F4422B0637F00263C87 /* Project object */;
			proxyType = 1;
			remoteGlobalIDString = 5BDF4F4B22B0637F00263C87;
			remoteInfo = Garvey;
		};
		5BDF4F6C22B0638100263C87 /* PBXContainerItemProxy */ = {
			isa = PBXContainerItemProxy;
			containerPortal = 5BDF4F4422B0637F00263C87 /* Project object */;
			proxyType = 1;
			remoteGlobalIDString = 5BDF4F4B22B0637F00263C87;
			remoteInfo = Garvey;
		};
/* End PBXContainerItemProxy section */

/* Begin PBXFileReference section */
		04E58EB79943D279A8EA7351 /* Pods-Garvey.release.xcconfig */ = {isa = PBXFileReference; includeInIndex = 1; lastKnownFileType = text.xcconfig; name = "Pods-Garvey.release.xcconfig"; path = "Pods/Target Support Files/Pods-Garvey/Pods-Garvey.release.xcconfig"; sourceTree = "<group>"; };
		3031E10D9E3CB66D68F8BA53 /* Pods-GarveyTests.release.xcconfig */ = {isa = PBXFileReference; includeInIndex = 1; lastKnownFileType = text.xcconfig; name = "Pods-GarveyTests.release.xcconfig"; path = "Pods/Target Support Files/Pods-GarveyTests/Pods-GarveyTests.release.xcconfig"; sourceTree = "<group>"; };
		417BB5746645902C40980B68 /* Pods-Garvey.debug.xcconfig */ = {isa = PBXFileReference; includeInIndex = 1; lastKnownFileType = text.xcconfig; name = "Pods-Garvey.debug.xcconfig"; path = "Pods/Target Support Files/Pods-Garvey/Pods-Garvey.debug.xcconfig"; sourceTree = "<group>"; };
		54C392CFC893A4C8D08D5BEB /* Pods_Garvey.framework */ = {isa = PBXFileReference; explicitFileType = wrapper.framework; includeInIndex = 0; path = Pods_Garvey.framework; sourceTree = BUILT_PRODUCTS_DIR; };
		5B05D2A722C4968E00573407 /* AppComponent.swift */ = {isa = PBXFileReference; lastKnownFileType = sourcecode.swift; path = AppComponent.swift; sourceTree = "<group>"; };
		5B05D2AA22C4990E00573407 /* CartRouter.swift */ = {isa = PBXFileReference; lastKnownFileType = sourcecode.swift; path = CartRouter.swift; sourceTree = "<group>"; };
		5B05D2AB22C4990E00573407 /* CartViewController.swift */ = {isa = PBXFileReference; lastKnownFileType = sourcecode.swift; path = CartViewController.swift; sourceTree = "<group>"; };
		5B05D2AC22C4990E00573407 /* CartBuilder.swift */ = {isa = PBXFileReference; lastKnownFileType = sourcecode.swift; path = CartBuilder.swift; sourceTree = "<group>"; };
		5B05D2AD22C4990E00573407 /* CartInteractor.swift */ = {isa = PBXFileReference; lastKnownFileType = sourcecode.swift; path = CartInteractor.swift; sourceTree = "<group>"; };
		5B05D2B322C4993000573407 /* CatalogRouter.swift */ = {isa = PBXFileReference; lastKnownFileType = sourcecode.swift; path = CatalogRouter.swift; sourceTree = "<group>"; };
		5B05D2B422C4993000573407 /* CatalogViewController.swift */ = {isa = PBXFileReference; lastKnownFileType = sourcecode.swift; path = CatalogViewController.swift; sourceTree = "<group>"; };
		5B05D2B522C4993000573407 /* CatalogBuilder.swift */ = {isa = PBXFileReference; lastKnownFileType = sourcecode.swift; path = CatalogBuilder.swift; sourceTree = "<group>"; };
		5B05D2B622C4993000573407 /* CatalogInteractor.swift */ = {isa = PBXFileReference; lastKnownFileType = sourcecode.swift; path = CatalogInteractor.swift; sourceTree = "<group>"; };
		5B05D2BC22C4995900573407 /* ProfileRouter.swift */ = {isa = PBXFileReference; lastKnownFileType = sourcecode.swift; path = ProfileRouter.swift; sourceTree = "<group>"; };
		5B05D2BD22C4995900573407 /* ProfileViewController.swift */ = {isa = PBXFileReference; lastKnownFileType = sourcecode.swift; path = ProfileViewController.swift; sourceTree = "<group>"; };
		5B05D2BE22C4995900573407 /* ProfileBuilder.swift */ = {isa = PBXFileReference; lastKnownFileType = sourcecode.swift; path = ProfileBuilder.swift; sourceTree = "<group>"; };
		5B05D2BF22C4995900573407 /* ProfileInteractor.swift */ = {isa = PBXFileReference; lastKnownFileType = sourcecode.swift; path = ProfileInteractor.swift; sourceTree = "<group>"; };
		5B05D2C522C4999700573407 /* SingleItemRouter.swift */ = {isa = PBXFileReference; lastKnownFileType = sourcecode.swift; path = SingleItemRouter.swift; sourceTree = "<group>"; };
		5B05D2C622C4999700573407 /* SingleItemViewController.swift */ = {isa = PBXFileReference; lastKnownFileType = sourcecode.swift; path = SingleItemViewController.swift; sourceTree = "<group>"; };
		5B05D2C722C4999700573407 /* SingleItemBuilder.swift */ = {isa = PBXFileReference; lastKnownFileType = sourcecode.swift; path = SingleItemBuilder.swift; sourceTree = "<group>"; };
		5B05D2C822C4999700573407 /* SingleItemInteractor.swift */ = {isa = PBXFileReference; lastKnownFileType = sourcecode.swift; path = SingleItemInteractor.swift; sourceTree = "<group>"; };
		5B05D2CE22C4A16700573407 /* MenuView.swift */ = {isa = PBXFileReference; lastKnownFileType = sourcecode.swift; path = MenuView.swift; sourceTree = "<group>"; };
		5B05D2D322C4A2AD00573407 /* Constants.swift */ = {isa = PBXFileReference; lastKnownFileType = sourcecode.swift; path = Constants.swift; sourceTree = "<group>"; };
		5B05D2D522C4A38100573407 /* MenuCollectionViewCell.swift */ = {isa = PBXFileReference; lastKnownFileType = sourcecode.swift; path = MenuCollectionViewCell.swift; sourceTree = "<group>"; };
		5B05D2D722C4A5BC00573407 /* Colors.swift */ = {isa = PBXFileReference; lastKnownFileType = sourcecode.swift; path = Colors.swift; sourceTree = "<group>"; };
		5B3B91DA22B3582B0013100C /* RootRouter.swift */ = {isa = PBXFileReference; lastKnownFileType = sourcecode.swift; path = RootRouter.swift; sourceTree = "<group>"; };
		5B3B91DB22B3582B0013100C /* RootViewController.swift */ = {isa = PBXFileReference; lastKnownFileType = sourcecode.swift; path = RootViewController.swift; sourceTree = "<group>"; };
		5B3B91DC22B3582B0013100C /* RootBuilder.swift */ = {isa = PBXFileReference; lastKnownFileType = sourcecode.swift; path = RootBuilder.swift; sourceTree = "<group>"; };
		5B3B91DD22B3582B0013100C /* RootInteractor.swift */ = {isa = PBXFileReference; lastKnownFileType = sourcecode.swift; path = RootInteractor.swift; sourceTree = "<group>"; };
		5BAD47E422CAF6C500D596A5 /* GoogleService-Info.plist */ = {isa = PBXFileReference; fileEncoding = 4; lastKnownFileType = text.plist.xml; path = "GoogleService-Info.plist"; sourceTree = "<group>"; };
		5BAD47E722CAFE5600D596A5 /* SingleItemCell.swift */ = {isa = PBXFileReference; lastKnownFileType = sourcecode.swift; path = SingleItemCell.swift; sourceTree = "<group>"; };
		5BAD47E922CAFE7500D596A5 /* CatalogLayout.swift */ = {isa = PBXFileReference; lastKnownFileType = sourcecode.swift; path = CatalogLayout.swift; sourceTree = "<group>"; };
		5BAD47EC22CB0D5400D596A5 /* Item.swift */ = {isa = PBXFileReference; lastKnownFileType = sourcecode.swift; path = Item.swift; sourceTree = "<group>"; };
		5BAD47EE22CB154500D596A5 /* Errors.swift */ = {isa = PBXFileReference; lastKnownFileType = sourcecode.swift; path = Errors.swift; sourceTree = "<group>"; };
		5BAD47F022CB189300D596A5 /* Strings.swift */ = {isa = PBXFileReference; lastKnownFileType = sourcecode.swift; path = Strings.swift; sourceTree = "<group>"; };
		5BAD47F222CB1DDC00D596A5 /* ImageManager.swift */ = {isa = PBXFileReference; lastKnownFileType = sourcecode.swift; path = ImageManager.swift; sourceTree = "<group>"; };
		5BAD47F422CB1E5F00D596A5 /* CatalogManager.swift */ = {isa = PBXFileReference; lastKnownFileType = sourcecode.swift; path = CatalogManager.swift; sourceTree = "<group>"; };
		5BAD47F622CB2B0F00D596A5 /* SingleItemManager.swift */ = {isa = PBXFileReference; lastKnownFileType = sourcecode.swift; path = SingleItemManager.swift; sourceTree = "<group>"; };
		5BDF4F4C22B0637F00263C87 /* Garvey.app */ = {isa = PBXFileReference; explicitFileType = wrapper.application; includeInIndex = 0; path = Garvey.app; sourceTree = BUILT_PRODUCTS_DIR; };
		5BDF4F4F22B0637F00263C87 /* AppDelegate.swift */ = {isa = PBXFileReference; lastKnownFileType = sourcecode.swift; path = AppDelegate.swift; sourceTree = "<group>"; };
		5BDF4F5622B0638000263C87 /* Assets.xcassets */ = {isa = PBXFileReference; lastKnownFileType = folder.assetcatalog; path = Assets.xcassets; sourceTree = "<group>"; };
		5BDF4F5922B0638000263C87 /* Base */ = {isa = PBXFileReference; lastKnownFileType = file.storyboard; name = Base; path = Base.lproj/LaunchScreen.storyboard; sourceTree = "<group>"; };
		5BDF4F5B22B0638000263C87 /* Info.plist */ = {isa = PBXFileReference; lastKnownFileType = text.plist.xml; path = Info.plist; sourceTree = "<group>"; };
		5BDF4F6022B0638100263C87 /* GarveyTests.xctest */ = {isa = PBXFileReference; explicitFileType = wrapper.cfbundle; includeInIndex = 0; path = GarveyTests.xctest; sourceTree = BUILT_PRODUCTS_DIR; };
		5BDF4F6422B0638100263C87 /* GarveyTests.swift */ = {isa = PBXFileReference; lastKnownFileType = sourcecode.swift; path = GarveyTests.swift; sourceTree = "<group>"; };
		5BDF4F6622B0638100263C87 /* Info.plist */ = {isa = PBXFileReference; lastKnownFileType = text.plist.xml; path = Info.plist; sourceTree = "<group>"; };
		5BDF4F6B22B0638100263C87 /* GarveyUITests.xctest */ = {isa = PBXFileReference; explicitFileType = wrapper.cfbundle; includeInIndex = 0; path = GarveyUITests.xctest; sourceTree = BUILT_PRODUCTS_DIR; };
		5BDF4F6F22B0638100263C87 /* GarveyUITests.swift */ = {isa = PBXFileReference; lastKnownFileType = sourcecode.swift; path = GarveyUITests.swift; sourceTree = "<group>"; };
		5BDF4F7122B0638100263C87 /* Info.plist */ = {isa = PBXFileReference; lastKnownFileType = text.plist.xml; path = Info.plist; sourceTree = "<group>"; };
		6C34AF1C0C8C6BA8BF88D9D6 /* Pods-GarveyTests.debug.xcconfig */ = {isa = PBXFileReference; includeInIndex = 1; lastKnownFileType = text.xcconfig; name = "Pods-GarveyTests.debug.xcconfig"; path = "Pods/Target Support Files/Pods-GarveyTests/Pods-GarveyTests.debug.xcconfig"; sourceTree = "<group>"; };
		7CE60038CBB6CB71D7BB5333 /* Pods-GarveyUITests.release.xcconfig */ = {isa = PBXFileReference; includeInIndex = 1; lastKnownFileType = text.xcconfig; name = "Pods-GarveyUITests.release.xcconfig"; path = "Pods/Target Support Files/Pods-GarveyUITests/Pods-GarveyUITests.release.xcconfig"; sourceTree = "<group>"; };
		95957F3F4D21BFBCCA8F9DB9 /* Pods_GarveyTests.framework */ = {isa = PBXFileReference; explicitFileType = wrapper.framework; includeInIndex = 0; path = Pods_GarveyTests.framework; sourceTree = BUILT_PRODUCTS_DIR; };
		AD3BB04B05206783168F65D7 /* Pods-GarveyUITests.debug.xcconfig */ = {isa = PBXFileReference; includeInIndex = 1; lastKnownFileType = text.xcconfig; name = "Pods-GarveyUITests.debug.xcconfig"; path = "Pods/Target Support Files/Pods-GarveyUITests/Pods-GarveyUITests.debug.xcconfig"; sourceTree = "<group>"; };
		D7823618C6AEE7A26D1FC7FD /* Pods_GarveyUITests.framework */ = {isa = PBXFileReference; explicitFileType = wrapper.framework; includeInIndex = 0; path = Pods_GarveyUITests.framework; sourceTree = BUILT_PRODUCTS_DIR; };
/* End PBXFileReference section */

/* Begin PBXFrameworksBuildPhase section */
		5BDF4F4922B0637F00263C87 /* Frameworks */ = {
			isa = PBXFrameworksBuildPhase;
			buildActionMask = 2147483647;
			files = (
				9AA6B3631BA2CBF7ED1A5119 /* Pods_Garvey.framework in Frameworks */,
			);
			runOnlyForDeploymentPostprocessing = 0;
		};
		5BDF4F5D22B0638100263C87 /* Frameworks */ = {
			isa = PBXFrameworksBuildPhase;
			buildActionMask = 2147483647;
			files = (
				E5AB25B39E079B37ABF25C97 /* Pods_GarveyTests.framework in Frameworks */,
			);
			runOnlyForDeploymentPostprocessing = 0;
		};
		5BDF4F6822B0638100263C87 /* Frameworks */ = {
			isa = PBXFrameworksBuildPhase;
			buildActionMask = 2147483647;
			files = (
				5610AB3230A1F3FCB529581C /* Pods_GarveyUITests.framework in Frameworks */,
			);
			runOnlyForDeploymentPostprocessing = 0;
		};
/* End PBXFrameworksBuildPhase section */

/* Begin PBXGroup section */
		5B05D2A922C498F100573407 /* Cart */ = {
			isa = PBXGroup;
			children = (
				5B05D2AC22C4990E00573407 /* CartBuilder.swift */,
				5B05D2AD22C4990E00573407 /* CartInteractor.swift */,
				5B05D2AA22C4990E00573407 /* CartRouter.swift */,
				5B05D2AB22C4990E00573407 /* CartViewController.swift */,
			);
			path = Cart;
			sourceTree = "<group>";
		};
		5B05D2B222C4991A00573407 /* Catalog */ = {
			isa = PBXGroup;
			children = (
				5BAD47E622CAFE3900D596A5 /* Views */,
				5B05D2B522C4993000573407 /* CatalogBuilder.swift */,
				5B05D2B622C4993000573407 /* CatalogInteractor.swift */,
				5B05D2B322C4993000573407 /* CatalogRouter.swift */,
				5B05D2B422C4993000573407 /* CatalogViewController.swift */,
			);
			path = Catalog;
			sourceTree = "<group>";
		};
		5B05D2BB22C4994600573407 /* Profile */ = {
			isa = PBXGroup;
			children = (
				5B05D2BE22C4995900573407 /* ProfileBuilder.swift */,
				5B05D2BF22C4995900573407 /* ProfileInteractor.swift */,
				5B05D2BC22C4995900573407 /* ProfileRouter.swift */,
				5B05D2BD22C4995900573407 /* ProfileViewController.swift */,
			);
			path = Profile;
			sourceTree = "<group>";
		};
		5B05D2C422C4998700573407 /* SingleItem */ = {
			isa = PBXGroup;
			children = (
				5B05D2C722C4999700573407 /* SingleItemBuilder.swift */,
				5B05D2C822C4999700573407 /* SingleItemInteractor.swift */,
				5B05D2C522C4999700573407 /* SingleItemRouter.swift */,
				5B05D2C622C4999700573407 /* SingleItemViewController.swift */,
			);
			path = SingleItem;
			sourceTree = "<group>";
		};
		5B05D2CD22C4A14D00573407 /* Views */ = {
			isa = PBXGroup;
			children = (
				5B05D2D522C4A38100573407 /* MenuCollectionViewCell.swift */,
				5B05D2CE22C4A16700573407 /* MenuView.swift */,
			);
			path = Views;
			sourceTree = "<group>";
		};
		5B05D2D022C4A18D00573407 /* Shared */ = {
			isa = PBXGroup;
			children = (
				5B05D2D322C4A2AD00573407 /* Constants.swift */,
				5B05D2D722C4A5BC00573407 /* Colors.swift */,
				5BAD47EE22CB154500D596A5 /* Errors.swift */,
				5BAD47F022CB189300D596A5 /* Strings.swift */,
			);
			path = Shared;
			sourceTree = "<group>";
		};
		5B3B91D822B31DCF0013100C /* App Start */ = {
			isa = PBXGroup;
			children = (
				5B05D2A722C4968E00573407 /* AppComponent.swift */,
				5BDF4F4F22B0637F00263C87 /* AppDelegate.swift */,
			);
			path = "App Start";
			sourceTree = "<group>";
		};
		5B3B91D922B31DE00013100C /* Root */ = {
			isa = PBXGroup;
			children = (
				5B05D2CD22C4A14D00573407 /* Views */,
				5B3B91DC22B3582B0013100C /* RootBuilder.swift */,
				5B3B91DD22B3582B0013100C /* RootInteractor.swift */,
				5B3B91DA22B3582B0013100C /* RootRouter.swift */,
				5B3B91DB22B3582B0013100C /* RootViewController.swift */,
			);
			path = Root;
			sourceTree = "<group>";
		};
		5B3B91E222B358440013100C /* Managers */ = {
			isa = PBXGroup;
			children = (
				5BAD47F222CB1DDC00D596A5 /* ImageManager.swift */,
				5BAD47F422CB1E5F00D596A5 /* CatalogManager.swift */,
				5BAD47F622CB2B0F00D596A5 /* SingleItemManager.swift */,
			);
			path = Managers;
			sourceTree = "<group>";
		};
		5BAD47E622CAFE3900D596A5 /* Views */ = {
			isa = PBXGroup;
			children = (
				5BAD47E922CAFE7500D596A5 /* CatalogLayout.swift */,
				5BAD47E722CAFE5600D596A5 /* SingleItemCell.swift */,
			);
			path = Views;
			sourceTree = "<group>";
		};
		5BAD47EB22CB0D2E00D596A5 /* Models */ = {
			isa = PBXGroup;
			children = (
				5BAD47EC22CB0D5400D596A5 /* Item.swift */,
			);
			path = Models;
			sourceTree = "<group>";
		};
		5BDF4F4322B0637F00263C87 = {
			isa = PBXGroup;
			children = (
				5BDF4F4E22B0637F00263C87 /* Garvey */,
				5BDF4F6322B0638100263C87 /* GarveyTests */,
				5BDF4F6E22B0638100263C87 /* GarveyUITests */,
				5BDF4F4D22B0637F00263C87 /* Products */,
				839EA96005972AE3446A78AA /* Pods */,
				82C8F7C00967EBF70EFD3B31 /* Frameworks */,
			);
			sourceTree = "<group>";
		};
		5BDF4F4D22B0637F00263C87 /* Products */ = {
			isa = PBXGroup;
			children = (
				5BDF4F4C22B0637F00263C87 /* Garvey.app */,
				5BDF4F6022B0638100263C87 /* GarveyTests.xctest */,
				5BDF4F6B22B0638100263C87 /* GarveyUITests.xctest */,
			);
			name = Products;
			sourceTree = "<group>";
		};
		5BDF4F4E22B0637F00263C87 /* Garvey */ = {
			isa = PBXGroup;
			children = (
				5B3B91D822B31DCF0013100C /* App Start */,
				5B05D2A922C498F100573407 /* Cart */,
				5B05D2B222C4991A00573407 /* Catalog */,
				5B3B91E222B358440013100C /* Managers */,
				5BAD47EB22CB0D2E00D596A5 /* Models */,
				5B05D2BB22C4994600573407 /* Profile */,
				5B3B91D922B31DE00013100C /* Root */,
				5B05D2D022C4A18D00573407 /* Shared */,
				5B05D2C422C4998700573407 /* SingleItem */,
				5BDF4F5622B0638000263C87 /* Assets.xcassets */,
				5BDF4F5822B0638000263C87 /* LaunchScreen.storyboard */,
				5BDF4F5B22B0638000263C87 /* Info.plist */,
				5BAD47E422CAF6C500D596A5 /* GoogleService-Info.plist */,
			);
			path = Garvey;
			sourceTree = "<group>";
		};
		5BDF4F6322B0638100263C87 /* GarveyTests */ = {
			isa = PBXGroup;
			children = (
				5BDF4F6422B0638100263C87 /* GarveyTests.swift */,
				5BDF4F6622B0638100263C87 /* Info.plist */,
			);
			path = GarveyTests;
			sourceTree = "<group>";
		};
		5BDF4F6E22B0638100263C87 /* GarveyUITests */ = {
			isa = PBXGroup;
			children = (
				5BDF4F6F22B0638100263C87 /* GarveyUITests.swift */,
				5BDF4F7122B0638100263C87 /* Info.plist */,
			);
			path = GarveyUITests;
			sourceTree = "<group>";
		};
		82C8F7C00967EBF70EFD3B31 /* Frameworks */ = {
			isa = PBXGroup;
			children = (
				54C392CFC893A4C8D08D5BEB /* Pods_Garvey.framework */,
				95957F3F4D21BFBCCA8F9DB9 /* Pods_GarveyTests.framework */,
				D7823618C6AEE7A26D1FC7FD /* Pods_GarveyUITests.framework */,
			);
			name = Frameworks;
			sourceTree = "<group>";
		};
		839EA96005972AE3446A78AA /* Pods */ = {
			isa = PBXGroup;
			children = (
				417BB5746645902C40980B68 /* Pods-Garvey.debug.xcconfig */,
				04E58EB79943D279A8EA7351 /* Pods-Garvey.release.xcconfig */,
				6C34AF1C0C8C6BA8BF88D9D6 /* Pods-GarveyTests.debug.xcconfig */,
				3031E10D9E3CB66D68F8BA53 /* Pods-GarveyTests.release.xcconfig */,
				AD3BB04B05206783168F65D7 /* Pods-GarveyUITests.debug.xcconfig */,
				7CE60038CBB6CB71D7BB5333 /* Pods-GarveyUITests.release.xcconfig */,
			);
			name = Pods;
			sourceTree = "<group>";
		};
/* End PBXGroup section */

/* Begin PBXNativeTarget section */
		5BDF4F4B22B0637F00263C87 /* Garvey */ = {
			isa = PBXNativeTarget;
			buildConfigurationList = 5BDF4F7422B0638100263C87 /* Build configuration list for PBXNativeTarget "Garvey" */;
			buildPhases = (
				56411DB041D598ADE3F522C3 /* [CP] Check Pods Manifest.lock */,
				5BDF4F4822B0637F00263C87 /* Sources */,
				5BDF4F4922B0637F00263C87 /* Frameworks */,
				5BDF4F4A22B0637F00263C87 /* Resources */,
				E0BA42496E62CA3AF3374DEC /* [CP] Embed Pods Frameworks */,
			);
			buildRules = (
			);
			dependencies = (
			);
			name = Garvey;
			productName = Garvey;
			productReference = 5BDF4F4C22B0637F00263C87 /* Garvey.app */;
			productType = "com.apple.product-type.application";
		};
		5BDF4F5F22B0638100263C87 /* GarveyTests */ = {
			isa = PBXNativeTarget;
			buildConfigurationList = 5BDF4F7722B0638100263C87 /* Build configuration list for PBXNativeTarget "GarveyTests" */;
			buildPhases = (
				36D54A18F4EFD4DD7ABBFFFD /* [CP] Check Pods Manifest.lock */,
				5BDF4F5C22B0638100263C87 /* Sources */,
				5BDF4F5D22B0638100263C87 /* Frameworks */,
				5BDF4F5E22B0638100263C87 /* Resources */,
			);
			buildRules = (
			);
			dependencies = (
				5BDF4F6222B0638100263C87 /* PBXTargetDependency */,
			);
			name = GarveyTests;
			productName = GarveyTests;
			productReference = 5BDF4F6022B0638100263C87 /* GarveyTests.xctest */;
			productType = "com.apple.product-type.bundle.unit-test";
		};
		5BDF4F6A22B0638100263C87 /* GarveyUITests */ = {
			isa = PBXNativeTarget;
			buildConfigurationList = 5BDF4F7A22B0638100263C87 /* Build configuration list for PBXNativeTarget "GarveyUITests" */;
			buildPhases = (
				6733D19994B7499582D62208 /* [CP] Check Pods Manifest.lock */,
				5BDF4F6722B0638100263C87 /* Sources */,
				5BDF4F6822B0638100263C87 /* Frameworks */,
				5BDF4F6922B0638100263C87 /* Resources */,
			);
			buildRules = (
			);
			dependencies = (
				5BDF4F6D22B0638100263C87 /* PBXTargetDependency */,
			);
			name = GarveyUITests;
			productName = GarveyUITests;
			productReference = 5BDF4F6B22B0638100263C87 /* GarveyUITests.xctest */;
			productType = "com.apple.product-type.bundle.ui-testing";
		};
/* End PBXNativeTarget section */

/* Begin PBXProject section */
		5BDF4F4422B0637F00263C87 /* Project object */ = {
			isa = PBXProject;
			attributes = {
				LastSwiftUpdateCheck = 1020;
				LastUpgradeCheck = 1020;
				ORGANIZATIONNAME = IamGoodBad;
				TargetAttributes = {
					5BDF4F4B22B0637F00263C87 = {
						CreatedOnToolsVersion = 10.2.1;
					};
					5BDF4F5F22B0638100263C87 = {
						CreatedOnToolsVersion = 10.2.1;
						TestTargetID = 5BDF4F4B22B0637F00263C87;
					};
					5BDF4F6A22B0638100263C87 = {
						CreatedOnToolsVersion = 10.2.1;
						TestTargetID = 5BDF4F4B22B0637F00263C87;
					};
				};
			};
			buildConfigurationList = 5BDF4F4722B0637F00263C87 /* Build configuration list for PBXProject "Garvey" */;
			compatibilityVersion = "Xcode 9.3";
			developmentRegion = en;
			hasScannedForEncodings = 0;
			knownRegions = (
				en,
				Base,
			);
			mainGroup = 5BDF4F4322B0637F00263C87;
			productRefGroup = 5BDF4F4D22B0637F00263C87 /* Products */;
			projectDirPath = "";
			projectRoot = "";
			targets = (
				5BDF4F4B22B0637F00263C87 /* Garvey */,
				5BDF4F5F22B0638100263C87 /* GarveyTests */,
				5BDF4F6A22B0638100263C87 /* GarveyUITests */,
			);
		};
/* End PBXProject section */

/* Begin PBXResourcesBuildPhase section */
		5BDF4F4A22B0637F00263C87 /* Resources */ = {
			isa = PBXResourcesBuildPhase;
			buildActionMask = 2147483647;
			files = (
				5BDF4F5A22B0638000263C87 /* LaunchScreen.storyboard in Resources */,
				5BDF4F5722B0638000263C87 /* Assets.xcassets in Resources */,
				5BAD47E522CAF6C500D596A5 /* GoogleService-Info.plist in Resources */,
			);
			runOnlyForDeploymentPostprocessing = 0;
		};
		5BDF4F5E22B0638100263C87 /* Resources */ = {
			isa = PBXResourcesBuildPhase;
			buildActionMask = 2147483647;
			files = (
			);
			runOnlyForDeploymentPostprocessing = 0;
		};
		5BDF4F6922B0638100263C87 /* Resources */ = {
			isa = PBXResourcesBuildPhase;
			buildActionMask = 2147483647;
			files = (
			);
			runOnlyForDeploymentPostprocessing = 0;
		};
/* End PBXResourcesBuildPhase section */

/* Begin PBXShellScriptBuildPhase section */
		36D54A18F4EFD4DD7ABBFFFD /* [CP] Check Pods Manifest.lock */ = {
			isa = PBXShellScriptBuildPhase;
			buildActionMask = 2147483647;
			files = (
			);
			inputFileListPaths = (
			);
			inputPaths = (
				"${PODS_PODFILE_DIR_PATH}/Podfile.lock",
				"${PODS_ROOT}/Manifest.lock",
			);
			name = "[CP] Check Pods Manifest.lock";
			outputFileListPaths = (
			);
			outputPaths = (
				"$(DERIVED_FILE_DIR)/Pods-GarveyTests-checkManifestLockResult.txt",
			);
			runOnlyForDeploymentPostprocessing = 0;
			shellPath = /bin/sh;
			shellScript = "diff \"${PODS_PODFILE_DIR_PATH}/Podfile.lock\" \"${PODS_ROOT}/Manifest.lock\" > /dev/null\nif [ $? != 0 ] ; then\n    # print error to STDERR\n    echo \"error: The sandbox is not in sync with the Podfile.lock. Run 'pod install' or update your CocoaPods installation.\" >&2\n    exit 1\nfi\n# This output is used by Xcode 'outputs' to avoid re-running this script phase.\necho \"SUCCESS\" > \"${SCRIPT_OUTPUT_FILE_0}\"\n";
			showEnvVarsInLog = 0;
		};
		56411DB041D598ADE3F522C3 /* [CP] Check Pods Manifest.lock */ = {
			isa = PBXShellScriptBuildPhase;
			buildActionMask = 2147483647;
			files = (
			);
			inputFileListPaths = (
			);
			inputPaths = (
				"${PODS_PODFILE_DIR_PATH}/Podfile.lock",
				"${PODS_ROOT}/Manifest.lock",
			);
			name = "[CP] Check Pods Manifest.lock";
			outputFileListPaths = (
			);
			outputPaths = (
				"$(DERIVED_FILE_DIR)/Pods-Garvey-checkManifestLockResult.txt",
			);
			runOnlyForDeploymentPostprocessing = 0;
			shellPath = /bin/sh;
			shellScript = "diff \"${PODS_PODFILE_DIR_PATH}/Podfile.lock\" \"${PODS_ROOT}/Manifest.lock\" > /dev/null\nif [ $? != 0 ] ; then\n    # print error to STDERR\n    echo \"error: The sandbox is not in sync with the Podfile.lock. Run 'pod install' or update your CocoaPods installation.\" >&2\n    exit 1\nfi\n# This output is used by Xcode 'outputs' to avoid re-running this script phase.\necho \"SUCCESS\" > \"${SCRIPT_OUTPUT_FILE_0}\"\n";
			showEnvVarsInLog = 0;
		};
		6733D19994B7499582D62208 /* [CP] Check Pods Manifest.lock */ = {
			isa = PBXShellScriptBuildPhase;
			buildActionMask = 2147483647;
			files = (
			);
			inputFileListPaths = (
			);
			inputPaths = (
				"${PODS_PODFILE_DIR_PATH}/Podfile.lock",
				"${PODS_ROOT}/Manifest.lock",
			);
			name = "[CP] Check Pods Manifest.lock";
			outputFileListPaths = (
			);
			outputPaths = (
				"$(DERIVED_FILE_DIR)/Pods-GarveyUITests-checkManifestLockResult.txt",
			);
			runOnlyForDeploymentPostprocessing = 0;
			shellPath = /bin/sh;
			shellScript = "diff \"${PODS_PODFILE_DIR_PATH}/Podfile.lock\" \"${PODS_ROOT}/Manifest.lock\" > /dev/null\nif [ $? != 0 ] ; then\n    # print error to STDERR\n    echo \"error: The sandbox is not in sync with the Podfile.lock. Run 'pod install' or update your CocoaPods installation.\" >&2\n    exit 1\nfi\n# This output is used by Xcode 'outputs' to avoid re-running this script phase.\necho \"SUCCESS\" > \"${SCRIPT_OUTPUT_FILE_0}\"\n";
			showEnvVarsInLog = 0;
		};
		E0BA42496E62CA3AF3374DEC /* [CP] Embed Pods Frameworks */ = {
			isa = PBXShellScriptBuildPhase;
			buildActionMask = 2147483647;
			files = (
			);
			inputFileListPaths = (
			);
			inputPaths = (
				"${SRCROOT}/Pods/Target Support Files/Pods-Garvey/Pods-Garvey-frameworks.sh",
				"${BUILT_PRODUCTS_DIR}/GTMSessionFetcher/GTMSessionFetcher.framework",
				"${BUILT_PRODUCTS_DIR}/GoogleUtilities/GoogleUtilities.framework",
				"${BUILT_PRODUCTS_DIR}/RIBs/RIBs.framework",
				"${BUILT_PRODUCTS_DIR}/RxSwift/RxSwift.framework",
				"${BUILT_PRODUCTS_DIR}/leveldb-library/leveldb.framework",
				"${BUILT_PRODUCTS_DIR}/nanopb/nanopb.framework",
			);
			name = "[CP] Embed Pods Frameworks";
			outputFileListPaths = (
			);
			outputPaths = (
				"${TARGET_BUILD_DIR}/${FRAMEWORKS_FOLDER_PATH}/GTMSessionFetcher.framework",
				"${TARGET_BUILD_DIR}/${FRAMEWORKS_FOLDER_PATH}/GoogleUtilities.framework",
				"${TARGET_BUILD_DIR}/${FRAMEWORKS_FOLDER_PATH}/RIBs.framework",
				"${TARGET_BUILD_DIR}/${FRAMEWORKS_FOLDER_PATH}/RxSwift.framework",
				"${TARGET_BUILD_DIR}/${FRAMEWORKS_FOLDER_PATH}/leveldb.framework",
				"${TARGET_BUILD_DIR}/${FRAMEWORKS_FOLDER_PATH}/nanopb.framework",
			);
			runOnlyForDeploymentPostprocessing = 0;
			shellPath = /bin/sh;
			shellScript = "\"${SRCROOT}/Pods/Target Support Files/Pods-Garvey/Pods-Garvey-frameworks.sh\"\n";
			showEnvVarsInLog = 0;
		};
/* End PBXShellScriptBuildPhase section */

/* Begin PBXSourcesBuildPhase section */
		5BDF4F4822B0637F00263C87 /* Sources */ = {
			isa = PBXSourcesBuildPhase;
			buildActionMask = 2147483647;
			files = (
				5B05D2CF22C4A16700573407 /* MenuView.swift in Sources */,
				5B05D2CB22C4999700573407 /* SingleItemBuilder.swift in Sources */,
				5BAD47F522CB1E5F00D596A5 /* CatalogManager.swift in Sources */,
				5B05D2BA22C4993000573407 /* CatalogInteractor.swift in Sources */,
				5B05D2B922C4993000573407 /* CatalogBuilder.swift in Sources */,
				5B05D2C922C4999700573407 /* SingleItemRouter.swift in Sources */,
				5B05D2B822C4993000573407 /* CatalogViewController.swift in Sources */,
				5B3B91E122B3582B0013100C /* RootInteractor.swift in Sources */,
				5B05D2CA22C4999700573407 /* SingleItemViewController.swift in Sources */,
				5B05D2B722C4993000573407 /* CatalogRouter.swift in Sources */,
				5BDF4F5022B0637F00263C87 /* AppDelegate.swift in Sources */,
				5B05D2C122C4995900573407 /* ProfileViewController.swift in Sources */,
				5BAD47F322CB1DDC00D596A5 /* ImageManager.swift in Sources */,
				5BAD47F122CB189300D596A5 /* Strings.swift in Sources */,
				5B3B91DE22B3582B0013100C /* RootRouter.swift in Sources */,
				5B05D2B022C4990E00573407 /* CartBuilder.swift in Sources */,
				5B3B91E022B3582B0013100C /* RootBuilder.swift in Sources */,
				5B05D2CC22C4999700573407 /* SingleItemInteractor.swift in Sources */,
				5BAD47F722CB2B0F00D596A5 /* SingleItemManager.swift in Sources */,
				5B05D2C022C4995900573407 /* ProfileRouter.swift in Sources */,
				5BAD47EF22CB154500D596A5 /* Errors.swift in Sources */,
				5B05D2C222C4995900573407 /* ProfileBuilder.swift in Sources */,
				5B05D2AF22C4990E00573407 /* CartViewController.swift in Sources */,
				5B05D2B122C4990E00573407 /* CartInteractor.swift in Sources */,
				5B05D2AE22C4990E00573407 /* CartRouter.swift in Sources */,
				5B3B91DF22B3582B0013100C /* RootViewController.swift in Sources */,
				5B05D2D822C4A5BC00573407 /* Colors.swift in Sources */,
				5B05D2C322C4995900573407 /* ProfileInteractor.swift in Sources */,
				5B05D2A822C4968E00573407 /* AppComponent.swift in Sources */,
				5B05D2D422C4A2AD00573407 /* Constants.swift in Sources */,
				5BAD47E822CAFE5600D596A5 /* SingleItemCell.swift in Sources */,
				5B05D2D622C4A38100573407 /* MenuCollectionViewCell.swift in Sources */,
				5BAD47EA22CAFE7500D596A5 /* CatalogLayout.swift in Sources */,
				5BAD47ED22CB0D5400D596A5 /* Item.swift in Sources */,
			);
			runOnlyForDeploymentPostprocessing = 0;
		};
		5BDF4F5C22B0638100263C87 /* Sources */ = {
			isa = PBXSourcesBuildPhase;
			buildActionMask = 2147483647;
			files = (
				5BDF4F6522B0638100263C87 /* GarveyTests.swift in Sources */,
			);
			runOnlyForDeploymentPostprocessing = 0;
		};
		5BDF4F6722B0638100263C87 /* Sources */ = {
			isa = PBXSourcesBuildPhase;
			buildActionMask = 2147483647;
			files = (
				5BDF4F7022B0638100263C87 /* GarveyUITests.swift in Sources */,
			);
			runOnlyForDeploymentPostprocessing = 0;
		};
/* End PBXSourcesBuildPhase section */

/* Begin PBXTargetDependency section */
		5BDF4F6222B0638100263C87 /* PBXTargetDependency */ = {
			isa = PBXTargetDependency;
			target = 5BDF4F4B22B0637F00263C87 /* Garvey */;
			targetProxy = 5BDF4F6122B0638100263C87 /* PBXContainerItemProxy */;
		};
		5BDF4F6D22B0638100263C87 /* PBXTargetDependency */ = {
			isa = PBXTargetDependency;
			target = 5BDF4F4B22B0637F00263C87 /* Garvey */;
			targetProxy = 5BDF4F6C22B0638100263C87 /* PBXContainerItemProxy */;
		};
/* End PBXTargetDependency section */

/* Begin PBXVariantGroup section */
		5BDF4F5822B0638000263C87 /* LaunchScreen.storyboard */ = {
			isa = PBXVariantGroup;
			children = (
				5BDF4F5922B0638000263C87 /* Base */,
			);
			name = LaunchScreen.storyboard;
			sourceTree = "<group>";
		};
/* End PBXVariantGroup section */

/* Begin XCBuildConfiguration section */
		5BDF4F7222B0638100263C87 /* Debug */ = {
			isa = XCBuildConfiguration;
			buildSettings = {
				ALWAYS_SEARCH_USER_PATHS = NO;
				CLANG_ANALYZER_NONNULL = YES;
				CLANG_ANALYZER_NUMBER_OBJECT_CONVERSION = YES_AGGRESSIVE;
				CLANG_CXX_LANGUAGE_STANDARD = "gnu++14";
				CLANG_CXX_LIBRARY = "libc++";
				CLANG_ENABLE_MODULES = YES;
				CLANG_ENABLE_OBJC_ARC = YES;
				CLANG_ENABLE_OBJC_WEAK = YES;
				CLANG_WARN_BLOCK_CAPTURE_AUTORELEASING = YES;
				CLANG_WARN_BOOL_CONVERSION = YES;
				CLANG_WARN_COMMA = YES;
				CLANG_WARN_CONSTANT_CONVERSION = YES;
				CLANG_WARN_DEPRECATED_OBJC_IMPLEMENTATIONS = YES;
				CLANG_WARN_DIRECT_OBJC_ISA_USAGE = YES_ERROR;
				CLANG_WARN_DOCUMENTATION_COMMENTS = YES;
				CLANG_WARN_EMPTY_BODY = YES;
				CLANG_WARN_ENUM_CONVERSION = YES;
				CLANG_WARN_INFINITE_RECURSION = YES;
				CLANG_WARN_INT_CONVERSION = YES;
				CLANG_WARN_NON_LITERAL_NULL_CONVERSION = YES;
				CLANG_WARN_OBJC_IMPLICIT_RETAIN_SELF = YES;
				CLANG_WARN_OBJC_LITERAL_CONVERSION = YES;
				CLANG_WARN_OBJC_ROOT_CLASS = YES_ERROR;
				CLANG_WARN_RANGE_LOOP_ANALYSIS = YES;
				CLANG_WARN_STRICT_PROTOTYPES = YES;
				CLANG_WARN_SUSPICIOUS_MOVE = YES;
				CLANG_WARN_UNGUARDED_AVAILABILITY = YES_AGGRESSIVE;
				CLANG_WARN_UNREACHABLE_CODE = YES;
				CLANG_WARN__DUPLICATE_METHOD_MATCH = YES;
				CODE_SIGN_IDENTITY = "iPhone Developer";
				COPY_PHASE_STRIP = NO;
				DEBUG_INFORMATION_FORMAT = dwarf;
				ENABLE_STRICT_OBJC_MSGSEND = YES;
				ENABLE_TESTABILITY = YES;
				GCC_C_LANGUAGE_STANDARD = gnu11;
				GCC_DYNAMIC_NO_PIC = NO;
				GCC_NO_COMMON_BLOCKS = YES;
				GCC_OPTIMIZATION_LEVEL = 0;
				GCC_PREPROCESSOR_DEFINITIONS = (
					"DEBUG=1",
					"$(inherited)",
				);
				GCC_WARN_64_TO_32_BIT_CONVERSION = YES;
				GCC_WARN_ABOUT_RETURN_TYPE = YES_ERROR;
				GCC_WARN_UNDECLARED_SELECTOR = YES;
				GCC_WARN_UNINITIALIZED_AUTOS = YES_AGGRESSIVE;
				GCC_WARN_UNUSED_FUNCTION = YES;
				GCC_WARN_UNUSED_VARIABLE = YES;
				IPHONEOS_DEPLOYMENT_TARGET = 12.2;
				MTL_ENABLE_DEBUG_INFO = INCLUDE_SOURCE;
				MTL_FAST_MATH = YES;
				ONLY_ACTIVE_ARCH = YES;
				SDKROOT = iphoneos;
				SWIFT_ACTIVE_COMPILATION_CONDITIONS = DEBUG;
				SWIFT_OPTIMIZATION_LEVEL = "-Onone";
			};
			name = Debug;
		};
		5BDF4F7322B0638100263C87 /* Release */ = {
			isa = XCBuildConfiguration;
			buildSettings = {
				ALWAYS_SEARCH_USER_PATHS = NO;
				CLANG_ANALYZER_NONNULL = YES;
				CLANG_ANALYZER_NUMBER_OBJECT_CONVERSION = YES_AGGRESSIVE;
				CLANG_CXX_LANGUAGE_STANDARD = "gnu++14";
				CLANG_CXX_LIBRARY = "libc++";
				CLANG_ENABLE_MODULES = YES;
				CLANG_ENABLE_OBJC_ARC = YES;
				CLANG_ENABLE_OBJC_WEAK = YES;
				CLANG_WARN_BLOCK_CAPTURE_AUTORELEASING = YES;
				CLANG_WARN_BOOL_CONVERSION = YES;
				CLANG_WARN_COMMA = YES;
				CLANG_WARN_CONSTANT_CONVERSION = YES;
				CLANG_WARN_DEPRECATED_OBJC_IMPLEMENTATIONS = YES;
				CLANG_WARN_DIRECT_OBJC_ISA_USAGE = YES_ERROR;
				CLANG_WARN_DOCUMENTATION_COMMENTS = YES;
				CLANG_WARN_EMPTY_BODY = YES;
				CLANG_WARN_ENUM_CONVERSION = YES;
				CLANG_WARN_INFINITE_RECURSION = YES;
				CLANG_WARN_INT_CONVERSION = YES;
				CLANG_WARN_NON_LITERAL_NULL_CONVERSION = YES;
				CLANG_WARN_OBJC_IMPLICIT_RETAIN_SELF = YES;
				CLANG_WARN_OBJC_LITERAL_CONVERSION = YES;
				CLANG_WARN_OBJC_ROOT_CLASS = YES_ERROR;
				CLANG_WARN_RANGE_LOOP_ANALYSIS = YES;
				CLANG_WARN_STRICT_PROTOTYPES = YES;
				CLANG_WARN_SUSPICIOUS_MOVE = YES;
				CLANG_WARN_UNGUARDED_AVAILABILITY = YES_AGGRESSIVE;
				CLANG_WARN_UNREACHABLE_CODE = YES;
				CLANG_WARN__DUPLICATE_METHOD_MATCH = YES;
				CODE_SIGN_IDENTITY = "iPhone Developer";
				COPY_PHASE_STRIP = NO;
				DEBUG_INFORMATION_FORMAT = "dwarf-with-dsym";
				ENABLE_NS_ASSERTIONS = NO;
				ENABLE_STRICT_OBJC_MSGSEND = YES;
				GCC_C_LANGUAGE_STANDARD = gnu11;
				GCC_NO_COMMON_BLOCKS = YES;
				GCC_WARN_64_TO_32_BIT_CONVERSION = YES;
				GCC_WARN_ABOUT_RETURN_TYPE = YES_ERROR;
				GCC_WARN_UNDECLARED_SELECTOR = YES;
				GCC_WARN_UNINITIALIZED_AUTOS = YES_AGGRESSIVE;
				GCC_WARN_UNUSED_FUNCTION = YES;
				GCC_WARN_UNUSED_VARIABLE = YES;
				IPHONEOS_DEPLOYMENT_TARGET = 12.2;
				MTL_ENABLE_DEBUG_INFO = NO;
				MTL_FAST_MATH = YES;
				SDKROOT = iphoneos;
				SWIFT_COMPILATION_MODE = wholemodule;
				SWIFT_OPTIMIZATION_LEVEL = "-O";
				VALIDATE_PRODUCT = YES;
			};
			name = Release;
		};
		5BDF4F7522B0638100263C87 /* Debug */ = {
			isa = XCBuildConfiguration;
			baseConfigurationReference = 417BB5746645902C40980B68 /* Pods-Garvey.debug.xcconfig */;
			buildSettings = {
				ASSETCATALOG_COMPILER_APPICON_NAME = AppIcon;
				CODE_SIGN_STYLE = Automatic;
				DEVELOPMENT_TEAM = 4AM5US9G8B;
				INFOPLIST_FILE = Garvey/Info.plist;
				LD_RUNPATH_SEARCH_PATHS = (
					"$(inherited)",
					"@executable_path/Frameworks",
				);
				PRODUCT_BUNDLE_IDENTIFIER = IamGoodBad.Garvey;
				PRODUCT_NAME = "$(TARGET_NAME)";
				SWIFT_VERSION = 5.0;
				TARGETED_DEVICE_FAMILY = "1,2";
			};
			name = Debug;
		};
		5BDF4F7622B0638100263C87 /* Release */ = {
			isa = XCBuildConfiguration;
			baseConfigurationReference = 04E58EB79943D279A8EA7351 /* Pods-Garvey.release.xcconfig */;
			buildSettings = {
				ASSETCATALOG_COMPILER_APPICON_NAME = AppIcon;
				CODE_SIGN_STYLE = Automatic;
				DEVELOPMENT_TEAM = 4AM5US9G8B;
				INFOPLIST_FILE = Garvey/Info.plist;
				LD_RUNPATH_SEARCH_PATHS = (
					"$(inherited)",
					"@executable_path/Frameworks",
				);
				PRODUCT_BUNDLE_IDENTIFIER = IamGoodBad.Garvey;
				PRODUCT_NAME = "$(TARGET_NAME)";
				SWIFT_VERSION = 5.0;
				TARGETED_DEVICE_FAMILY = "1,2";
			};
			name = Release;
		};
		5BDF4F7822B0638100263C87 /* Debug */ = {
			isa = XCBuildConfiguration;
			baseConfigurationReference = 6C34AF1C0C8C6BA8BF88D9D6 /* Pods-GarveyTests.debug.xcconfig */;
			buildSettings = {
				ALWAYS_EMBED_SWIFT_STANDARD_LIBRARIES = YES;
				BUNDLE_LOADER = "$(TEST_HOST)";
				CODE_SIGN_STYLE = Automatic;
				DEVELOPMENT_TEAM = 4AM5US9G8B;
				INFOPLIST_FILE = GarveyTests/Info.plist;
				LD_RUNPATH_SEARCH_PATHS = (
					"$(inherited)",
					"@executable_path/Frameworks",
					"@loader_path/Frameworks",
				);
				PRODUCT_BUNDLE_IDENTIFIER = IamGoodBad.GarveyTests;
				PRODUCT_NAME = "$(TARGET_NAME)";
				SWIFT_VERSION = 5.0;
				TARGETED_DEVICE_FAMILY = "1,2";
				TEST_HOST = "$(BUILT_PRODUCTS_DIR)/Garvey.app/Garvey";
			};
			name = Debug;
		};
		5BDF4F7922B0638100263C87 /* Release */ = {
			isa = XCBuildConfiguration;
			baseConfigurationReference = 3031E10D9E3CB66D68F8BA53 /* Pods-GarveyTests.release.xcconfig */;
			buildSettings = {
				ALWAYS_EMBED_SWIFT_STANDARD_LIBRARIES = YES;
				BUNDLE_LOADER = "$(TEST_HOST)";
				CODE_SIGN_STYLE = Automatic;
				DEVELOPMENT_TEAM = 4AM5US9G8B;
				INFOPLIST_FILE = GarveyTests/Info.plist;
				LD_RUNPATH_SEARCH_PATHS = (
					"$(inherited)",
					"@executable_path/Frameworks",
					"@loader_path/Frameworks",
				);
				PRODUCT_BUNDLE_IDENTIFIER = IamGoodBad.GarveyTests;
				PRODUCT_NAME = "$(TARGET_NAME)";
				SWIFT_VERSION = 5.0;
				TARGETED_DEVICE_FAMILY = "1,2";
				TEST_HOST = "$(BUILT_PRODUCTS_DIR)/Garvey.app/Garvey";
			};
			name = Release;
		};
		5BDF4F7B22B0638100263C87 /* Debug */ = {
			isa = XCBuildConfiguration;
			baseConfigurationReference = AD3BB04B05206783168F65D7 /* Pods-GarveyUITests.debug.xcconfig */;
			buildSettings = {
				ALWAYS_EMBED_SWIFT_STANDARD_LIBRARIES = YES;
				CODE_SIGN_STYLE = Automatic;
				DEVELOPMENT_TEAM = 4AM5US9G8B;
				INFOPLIST_FILE = GarveyUITests/Info.plist;
				LD_RUNPATH_SEARCH_PATHS = (
					"$(inherited)",
					"@executable_path/Frameworks",
					"@loader_path/Frameworks",
				);
				PRODUCT_BUNDLE_IDENTIFIER = IamGoodBad.GarveyUITests;
				PRODUCT_NAME = "$(TARGET_NAME)";
				SWIFT_VERSION = 5.0;
				TARGETED_DEVICE_FAMILY = "1,2";
				TEST_TARGET_NAME = Garvey;
			};
			name = Debug;
		};
		5BDF4F7C22B0638100263C87 /* Release */ = {
			isa = XCBuildConfiguration;
			baseConfigurationReference = 7CE60038CBB6CB71D7BB5333 /* Pods-GarveyUITests.release.xcconfig */;
			buildSettings = {
				ALWAYS_EMBED_SWIFT_STANDARD_LIBRARIES = YES;
				CODE_SIGN_STYLE = Automatic;
				DEVELOPMENT_TEAM = 4AM5US9G8B;
				INFOPLIST_FILE = GarveyUITests/Info.plist;
				LD_RUNPATH_SEARCH_PATHS = (
					"$(inherited)",
					"@executable_path/Frameworks",
					"@loader_path/Frameworks",
				);
				PRODUCT_BUNDLE_IDENTIFIER = IamGoodBad.GarveyUITests;
				PRODUCT_NAME = "$(TARGET_NAME)";
				SWIFT_VERSION = 5.0;
				TARGETED_DEVICE_FAMILY = "1,2";
				TEST_TARGET_NAME = Garvey;
			};
			name = Release;
		};
/* End XCBuildConfiguration section */

/* Begin XCConfigurationList section */
		5BDF4F4722B0637F00263C87 /* Build configuration list for PBXProject "Garvey" */ = {
			isa = XCConfigurationList;
			buildConfigurations = (
				5BDF4F7222B0638100263C87 /* Debug */,
				5BDF4F7322B0638100263C87 /* Release */,
			);
			defaultConfigurationIsVisible = 0;
			defaultConfigurationName = Release;
		};
		5BDF4F7422B0638100263C87 /* Build configuration list for PBXNativeTarget "Garvey" */ = {
			isa = XCConfigurationList;
			buildConfigurations = (
				5BDF4F7522B0638100263C87 /* Debug */,
				5BDF4F7622B0638100263C87 /* Release */,
			);
			defaultConfigurationIsVisible = 0;
			defaultConfigurationName = Release;
		};
		5BDF4F7722B0638100263C87 /* Build configuration list for PBXNativeTarget "GarveyTests" */ = {
			isa = XCConfigurationList;
			buildConfigurations = (
				5BDF4F7822B0638100263C87 /* Debug */,
				5BDF4F7922B0638100263C87 /* Release */,
			);
			defaultConfigurationIsVisible = 0;
			defaultConfigurationName = Release;
		};
		5BDF4F7A22B0638100263C87 /* Build configuration list for PBXNativeTarget "GarveyUITests" */ = {
			isa = XCConfigurationList;
			buildConfigurations = (
				5BDF4F7B22B0638100263C87 /* Debug */,
				5BDF4F7C22B0638100263C87 /* Release */,
			);
			defaultConfigurationIsVisible = 0;
			defaultConfigurationName = Release;
		};
/* End XCConfigurationList section */
	};
	rootObject = 5BDF4F4422B0637F00263C87 /* Project object */;
}
